{
  "version": "5",
  "redirects": {
    "https://esm.sh/archiver-utils@^2.1.0?target=denonext": "https://esm.sh/archiver-utils@2.1.0?target=denonext",
    "https://esm.sh/archiver-utils@^3.0.4?target=denonext": "https://esm.sh/archiver-utils@3.0.4?target=denonext",
    "https://esm.sh/archiver@^5.0.0?target=denonext": "https://esm.sh/archiver@5.3.2?target=denonext",
    "https://esm.sh/async@^3.2.4?target=denonext": "https://esm.sh/async@3.2.6?target=denonext",
    "https://esm.sh/balanced-match@^1.0.0?target=denonext": "https://esm.sh/balanced-match@1.0.2?target=denonext",
    "https://esm.sh/big-integer@^1.6.17?target=denonext": "https://esm.sh/big-integer@1.6.52?target=denonext",
    "https://esm.sh/binary@~0.3.0?target=denonext": "https://esm.sh/binary@0.3.0?target=denonext",
    "https://esm.sh/bl@^4.0.3?target=denonext": "https://esm.sh/bl@4.1.0?target=denonext",
    "https://esm.sh/bluebird@~3.4.1?target=denonext": "https://esm.sh/bluebird@3.4.7?target=denonext",
    "https://esm.sh/brace-expansion@^1.1.7?target=denonext": "https://esm.sh/brace-expansion@1.1.18?target=denonext",
    "https://esm.sh/brace-expansion@^2.0.1?target=denonext": "https://esm.sh/brace-expansion@2.1.4?target=denonext",
    "https://esm.sh/buffer-crc32@^0.2.13?target=denonext": "https://esm.sh/buffer-crc32@0.2.13?target=denonext",
    "https://esm.sh/buffer-crc32@^0.2.1?target=denonext": "https://esm.sh/buffer-crc32@0.2.13?target=denonext",
    "https://esm.sh/buffer-indexof-polyfill@~1.0.0?target=denonext": "https://esm.sh/buffer-indexof-polyfill@1.0.2?target=denonext",
    "https://esm.sh/buffers@~0.1.1?target=denonext": "https://esm.sh/buffers@0.1.1?target=denonext",
    "https://esm.sh/chainsaw@~0.1.0?target=denonext": "https://esm.sh/chainsaw@0.1.0?target=denonext",
    "https://esm.sh/compress-commons@^4.1.2?target=denonext": "https://esm.sh/compress-commons@4.1.2?target=denonext",
    "https://esm.sh/core-util-is@~1.0.0?target=denonext": "https://esm.sh/core-util-is@1.0.3?target=denonext",
    "https://esm.sh/crc-32@^1.2.0?target=denonext": "https://esm.sh/crc-32@1.2.2?target=denonext",
    "https://esm.sh/crc32-stream@^4.0.2?target=denonext": "https://esm.sh/crc32-stream@4.0.3?target=denonext",
    "https://esm.sh/dayjs@^1.8.34/plugin/customParseFormat?target=denonext": "https://esm.sh/dayjs@1.11.23/plugin/customParseFormat?target=denonext",
    "https://esm.sh/dayjs@^1.8.34/plugin/utc?target=denonext": "https://esm.sh/dayjs@1.11.23/plugin/utc?target=denonext",
    "https://esm.sh/dayjs@^1.8.34?target=denonext": "https://esm.sh/dayjs@1.11.23?target=denonext",
    "https://esm.sh/duplexer2@~0.1.4?target=denonext": "https://esm.sh/duplexer2@0.1.4?target=denonext",
    "https://esm.sh/end-of-stream@^1.4.1?target=denonext": "https://esm.sh/end-of-stream@1.4.5?target=denonext",
    "https://esm.sh/fast-csv@^4.3.1?target=denonext": "https://esm.sh/fast-csv@4.3.6?target=denonext",
    "https://esm.sh/fs-constants@^1.0.0?target=denonext": "https://esm.sh/fs-constants@1.0.0?target=denonext",
    "https://esm.sh/fs.realpath@^1.0.0?target=denonext": "https://esm.sh/fs.realpath@1.0.0?target=denonext",
    "https://esm.sh/fstream@^1.0.12?target=denonext": "https://esm.sh/fstream@1.0.12?target=denonext",
    "https://esm.sh/glob@^7.1.3?target=denonext": "https://esm.sh/glob@7.2.3?target=denonext",
    "https://esm.sh/glob@^7.1.4?target=denonext": "https://esm.sh/glob@7.2.3?target=denonext",
    "https://esm.sh/glob@^7.2.3?target=denonext": "https://esm.sh/glob@7.2.3?target=denonext",
    "https://esm.sh/graceful-fs@^4.1.2?target=denonext": "https://esm.sh/graceful-fs@4.2.11?target=denonext",
    "https://esm.sh/graceful-fs@^4.2.0?target=denonext": "https://esm.sh/graceful-fs@4.2.11?target=denonext",
    "https://esm.sh/graceful-fs@^4.2.2?target=denonext": "https://esm.sh/graceful-fs@4.2.11?target=denonext",
    "https://esm.sh/immediate@~3.0.5?target=denonext": "https://esm.sh/immediate@3.0.6?target=denonext",
    "https://esm.sh/inflight@^1.0.4?target=denonext": "https://esm.sh/inflight@1.0.6?target=denonext",
    "https://esm.sh/isarray@~1.0.0?target=denonext": "https://esm.sh/isarray@1.0.0?target=denonext",
    "https://esm.sh/jszip@^3.10.1?target=denonext": "https://esm.sh/jszip@3.10.1?target=denonext",
    "https://esm.sh/lazystream@^1.0.0?target=denonext": "https://esm.sh/lazystream@1.0.1?target=denonext",
    "https://esm.sh/lie@~3.3.0?target=denonext": "https://esm.sh/lie@3.3.0?target=denonext",
    "https://esm.sh/listenercount@~1.0.1?target=denonext": "https://esm.sh/listenercount@1.0.1?target=denonext",
    "https://esm.sh/lodash.defaults@^4.2.0?target=denonext": "https://esm.sh/lodash.defaults@4.2.0?target=denonext",
    "https://esm.sh/lodash.difference@^4.5.0?target=denonext": "https://esm.sh/lodash.difference@4.5.0?target=denonext",
    "https://esm.sh/lodash.escaperegexp@^4.1.2?target=denonext": "https://esm.sh/lodash.escaperegexp@4.1.2?target=denonext",
    "https://esm.sh/lodash.flatten@^4.4.0?target=denonext": "https://esm.sh/lodash.flatten@4.4.0?target=denonext",
    "https://esm.sh/lodash.groupby@^4.6.0?target=denonext": "https://esm.sh/lodash.groupby@4.6.0?target=denonext",
    "https://esm.sh/lodash.isboolean@^3.0.3?target=denonext": "https://esm.sh/lodash.isboolean@3.0.3?target=denonext",
    "https://esm.sh/lodash.isequal@^4.5.0?target=denonext": "https://esm.sh/lodash.isequal@4.5.0?target=denonext",
    "https://esm.sh/lodash.isfunction@^3.0.9?target=denonext": "https://esm.sh/lodash.isfunction@3.0.9?target=denonext",
    "https://esm.sh/lodash.isnil@^4.0.0?target=denonext": "https://esm.sh/lodash.isnil@4.0.0?target=denonext",
    "https://esm.sh/lodash.isplainobject@^4.0.6?target=denonext": "https://esm.sh/lodash.isplainobject@4.0.6?target=denonext",
    "https://esm.sh/lodash.isundefined@^3.0.1?target=denonext": "https://esm.sh/lodash.isundefined@3.0.1?target=denonext",
    "https://esm.sh/lodash.union@^4.6.0?target=denonext": "https://esm.sh/lodash.union@4.6.0?target=denonext",
    "https://esm.sh/lodash.uniq@^4.5.0?target=denonext": "https://esm.sh/lodash.uniq@4.5.0?target=denonext",
    "https://esm.sh/minimatch@^3.1.1?target=denonext": "https://esm.sh/minimatch@3.1.5?target=denonext",
    "https://esm.sh/minimatch@^5.1.0?target=denonext": "https://esm.sh/minimatch@5.1.9?target=denonext",
    "https://esm.sh/mkdirp@^0.5.6?target=denonext": "https://esm.sh/mkdirp@0.5.6?target=denonext",
    "https://esm.sh/normalize-path@^3.0.0?target=denonext": "https://esm.sh/normalize-path@3.0.0?target=denonext",
    "https://esm.sh/once@^1.3.0?target=denonext": "https://esm.sh/once@1.4.0?target=denonext",
    "https://esm.sh/once@^1.4.0?target=denonext": "https://esm.sh/once@1.4.0?target=denonext",
    "https://esm.sh/pako@~1.0.2?target=denonext": "https://esm.sh/pako@1.0.11?target=denonext",
    "https://esm.sh/path-is-absolute@^1.0.0?target=denonext": "https://esm.sh/path-is-absolute@1.0.1?target=denonext",
    "https://esm.sh/process-nextick-args@~2.0.0?target=denonext": "https://esm.sh/process-nextick-args@2.0.1?target=denonext",
    "https://esm.sh/readable-stream@^2.0.0?target=denonext": "https://esm.sh/readable-stream@2.3.8?target=denonext",
    "https://esm.sh/readable-stream@^2.0.2?target=denonext": "https://esm.sh/readable-stream@2.3.8?target=denonext",
    "https://esm.sh/readable-stream@^2.0.5/passthrough?target=denonext": "https://esm.sh/readable-stream@2.3.8/passthrough?target=denonext",
    "https://esm.sh/readable-stream@^3.1.1?target=denonext": "https://esm.sh/readable-stream@3.6.2?target=denonext",
    "https://esm.sh/readable-stream@^3.4.0?target=denonext": "https://esm.sh/readable-stream@3.6.2?target=denonext",
    "https://esm.sh/readable-stream@^3.6.0?target=denonext": "https://esm.sh/readable-stream@3.6.2?target=denonext",
    "https://esm.sh/readable-stream@~2.3.6?target=denonext": "https://esm.sh/readable-stream@2.3.8?target=denonext",
    "https://esm.sh/readdir-glob@^1.1.2?target=denonext": "https://esm.sh/readdir-glob@1.1.3?target=denonext",
    "https://esm.sh/rimraf@2?target=denonext": "https://esm.sh/rimraf@2.7.1?target=denonext",
    "https://esm.sh/safe-buffer@~5.1.0?target=denonext": "https://esm.sh/safe-buffer@5.1.2?target=denonext",
    "https://esm.sh/safe-buffer@~5.1.1?target=denonext": "https://esm.sh/safe-buffer@5.1.2?target=denonext",
    "https://esm.sh/safe-buffer@~5.2.0?target=denonext": "https://esm.sh/safe-buffer@5.2.1?target=denonext",
    "https://esm.sh/saxes@^5.0.1?target=denonext": "https://esm.sh/saxes@5.0.1?target=denonext",
    "https://esm.sh/setimmediate@^1.0.5?target=denonext": "https://esm.sh/setimmediate@1.0.5?target=denonext",
    "https://esm.sh/setimmediate@~1.0.4?target=denonext": "https://esm.sh/setimmediate@1.0.5?target=denonext",
    "https://esm.sh/string_decoder@^1.1.1?target=denonext": "https://esm.sh/string_decoder@1.3.0?target=denonext",
    "https://esm.sh/string_decoder@~1.1.1?target=denonext": "https://esm.sh/string_decoder@1.1.1?target=denonext",
    "https://esm.sh/tar-stream@^2.2.0?target=denonext": "https://esm.sh/tar-stream@2.2.0?target=denonext",
    "https://esm.sh/tmp@^0.2.0?target=denonext": "https://esm.sh/tmp@0.2.7?target=denonext",
    "https://esm.sh/traverse@^0.3.9?target=denonext": "https://esm.sh/traverse@0.3.9?target=denonext",
    "https://esm.sh/unzipper@^0.10.11?target=denonext": "https://esm.sh/unzipper@0.10.14?target=denonext",
    "https://esm.sh/util-deprecate@^1.0.1?target=denonext": "https://esm.sh/util-deprecate@1.0.2?target=denonext",
    "https://esm.sh/util-deprecate@~1.0.1?target=denonext": "https://esm.sh/util-deprecate@1.0.2?target=denonext",
    "https://esm.sh/uuid@^8.3.0?target=denonext": "https://esm.sh/uuid@8.3.2?target=denonext",
    "https://esm.sh/wrappy@1?target=denonext": "https://esm.sh/wrappy@1.0.2?target=denonext",
    "https://esm.sh/xmlchars@^2.2.0/xml/1.0/ed5?target=denonext": "https://esm.sh/xmlchars@2.2.0/xml/1.0/ed5?target=denonext",
    "https://esm.sh/xmlchars@^2.2.0/xml/1.1/ed2?target=denonext": "https://esm.sh/xmlchars@2.2.0/xml/1.1/ed2?target=denonext",
    "https://esm.sh/xmlchars@^2.2.0/xmlns/1.0/ed3?target=denonext": "https://esm.sh/xmlchars@2.2.0/xmlns/1.0/ed3?target=denonext",
    "https://esm.sh/zip-stream@^4.1.0?target=denonext": "https://esm.sh/zip-stream@4.1.1?target=denonext"
  },
  "remote": {
    "https://esm.sh/@fast-csv/format@4.3.5/denonext/format.mjs": "9054ebf115c3b49c60c15bf364faaa2a452117806ef840c0ab8b4081327aac49",
    "https://esm.sh/@fast-csv/parse@4.3.6/denonext/parse.mjs": "d213ca8912f4526572037584f757c2694d02b83e6c36960233f83e0a97403127",
    "https://esm.sh/@supabase/supabase-js@2.112.2": "ea8a8dc3bcfe3cd929a9f6f83a5c266ad3f9d8101c34f71d465dd73f7ff1b796",
    "https://esm.sh/archiver-utils@2.1.0/denonext/archiver-utils.mjs": "d3e569fd8aeb2672bdd208c9647700ba87bcf19dffad4444d8c076448e37d00d",
    "https://esm.sh/archiver-utils@2.1.0?target=denonext": "f3f519fcb07f0d08806a6831f4aefcb0bdc26b625726bf97d4145f3fe787249f",
    "https://esm.sh/archiver-utils@3.0.4/denonext/archiver-utils.mjs": "8da15726b4931b07ad0d51d2596e9fa184199290dac40219db75a9d143bf626b",
    "https://esm.sh/archiver-utils@3.0.4?target=denonext": "13e5b6c4df0ad3d03921aa3a2c239f32c8da5691fe502366266c83ec80808919",
    "https://esm.sh/archiver@5.3.2/denonext/archiver.mjs": "f7f07d3b8aeafac305e2b091a20ed00479ab9d76c551791bf1da29b51ca31693",
    "https://esm.sh/archiver@5.3.2?target=denonext": "b23bfe74e224fe49bbf7332361845028744703e3414ef012c65c45b50dd89244",
    "https://esm.sh/async@3.2.6/denonext/async.mjs": "97341c6914bf9e7f59c275558e30be96000ea2a1a65980e898adb87dcd631179",
    "https://esm.sh/async@3.2.6?target=denonext": "a5f5fa71450912c53c695576820e743f1ec6a68b1bfacec6083d2f363306cd65",
    "https://esm.sh/balanced-match@1.0.2/denonext/balanced-match.mjs": "f5c1249307feeb11c86f01aad5a3e1956837aa506720754f39277b0318f3fca0",
    "https://esm.sh/balanced-match@1.0.2?target=denonext": "0212d336642dd2f874fe13604bf5eaa2caf08c1dab84e87f4b284d9e8972d9c9",
    "https://esm.sh/big-integer@1.6.52/denonext/big-integer.mjs": "2fdde9bc4431c62904955e0c9c4dfdc0944ca524f865f371f783d097aff610da",
    "https://esm.sh/big-integer@1.6.52?target=denonext": "9daaad776ad50335c3b93f87ad713dde27b8f7b3e7b358453ccf7014652b33d5",
    "https://esm.sh/binary@0.3.0/denonext/binary.mjs": "5c6276b8414d5c3012f860209cfb01b042490f92663311d38c0aa4c7c5fcdb92",
    "https://esm.sh/binary@0.3.0?target=denonext": "25ac33f58064495c2ab537d1bb4e2391263caf0dcd18906ffe087fe7adbbeec8",
    "https://esm.sh/bl@4.1.0/denonext/bl.mjs": "d3ea5a2d536a706e9b4ef38c254fbf1237dd7b43b64e8f8ee66f1af60c17ecd4",
    "https://esm.sh/bl@4.1.0?target=denonext": "babaf6f4412fea38bcd583079958b76e6c577beb7a7b37379e81d2178353ec99",
    "https://esm.sh/bluebird@3.4.7/denonext/bluebird.mjs": "6162a561f961f2f009ddb373e6e0b2af3b4c54bed9775f859cbd717522253d2d",
    "https://esm.sh/bluebird@3.4.7?target=denonext": "2939782a5fcba0816811bb0ba67e64b740d3bf53b3c2100f659b6e25e70bcfaa",
    "https://esm.sh/brace-expansion@1.1.18/denonext/brace-expansion.mjs": "4ec9307dbc4a7b2afdfaec9bd5fa80d513815fba8c71259898d47d8a358080ed",
    "https://esm.sh/brace-expansion@1.1.18?target=denonext": "796e2b28ea6d8850d207281131269deb9b17d0e1afb119ef58e4bdf253c1f577",
    "https://esm.sh/brace-expansion@2.1.4/denonext/brace-expansion.mjs": "02e9a86f99561a1e5b394ccb44b49bbb40e5e2ab2ab317bd1ef591ebb036f462",
    "https://esm.sh/brace-expansion@2.1.4?target=denonext": "49e023373bb861f71f537c569a5b3e5edd16df09b652e5cbf78637db2ef78d2a",
    "https://esm.sh/buffer-crc32@0.2.13/denonext/buffer-crc32.mjs": "5c1fc34bf9629eb8298cb95e4a07db85d1d020653261de95507002fdf2fb3568",
    "https://esm.sh/buffer-crc32@0.2.13?target=denonext": "53b88a839d526069f800521d40d40452c3a601a9c46a3ef437531f9aaa4768bc",
    "https://esm.sh/buffer-indexof-polyfill@1.0.2/denonext/buffer-indexof-polyfill.mjs": "cf8a26bccdcbe9aa7419d30e100a4bfc3eef4a982e81ad7a5a41697fe0507add",
    "https://esm.sh/buffer-indexof-polyfill@1.0.2?target=denonext": "5d9cc51b0da87363798a8a114fa7d7b95d44d89c571916bcac43fd8f1cf28255",
    "https://esm.sh/buffers@0.1.1/denonext/buffers.mjs": "0fcf48222f92beb9c155055e0e9a1b318beee0941fe1cd86366105f86000193c",
    "https://esm.sh/buffers@0.1.1?target=denonext": "9efda4be3d48dccd8e6741a4c9d70a2300d3c4dab1b389c61f12d488ae9c6cd4",
    "https://esm.sh/chainsaw@0.1.0/denonext/chainsaw.mjs": "38d0095483bb422a138255ccf1b8fe0a0c71885334bb2bc1a68500c08d1acdfc",
    "https://esm.sh/chainsaw@0.1.0?target=denonext": "f6efacebdfdde093b02301772b78366fe40fb2d8074ec108c2d3f81aa8c91230",
    "https://esm.sh/compress-commons@4.1.2/denonext/compress-commons.mjs": "7347ff94a79eb0a2865b72e2939ad4a030fed47b27a1988e13e17e61e9230f7c",
    "https://esm.sh/compress-commons@4.1.2?target=denonext": "1de2d19c7f1f3a8f9e39aa5d2e8bcedde6533ed8f20a5a665543f7ef6917b51a",
    "https://esm.sh/core-util-is@1.0.3/denonext/core-util-is.mjs": "cfcf1ae63d56751cbe4b3b90b90b7eea577c5380c4adc272ddea4b7db2bdbbf2",
    "https://esm.sh/core-util-is@1.0.3?target=denonext": "6c72958f8a1c8f42016b48c984a0f3d799ea1e0cd321f499fec0bf8db916c17f",
    "https://esm.sh/crc-32@1.2.2/denonext/crc-32.mjs": "1d08d72fd77ae98fc49307abbf9212b949715175c7b31361260f0d02fa9fdd8d",
    "https://esm.sh/crc-32@1.2.2?target=denonext": "093246e4047d48da4e24b89ad7503bf75e101a199b791b0f17199774533b2f29",
    "https://esm.sh/crc32-stream@4.0.3/denonext/crc32-stream.mjs": "0156baefd7944a63875e8ad28530a71a1298612f0fb6ee5d9c671d9e3234a63d",
    "https://esm.sh/crc32-stream@4.0.3?target=denonext": "9f06af377f4dc4f148c05a328230fcd545f96ed44c3656ab5b29cbdeb4cd1742",
    "https://esm.sh/dayjs@1.11.23/denonext/dayjs.mjs": "da22343e2c583658e064546d12f452349df6268afad79f82c6153008b9860aec",
    "https://esm.sh/dayjs@1.11.23/denonext/plugin/customParseFormat.mjs": "8598b6475c2f5733c9767c9f09157d6e93dfb0b4f8afa0636afa6ed60b834684",
    "https://esm.sh/dayjs@1.11.23/denonext/plugin/utc.mjs": "60c77bf56057b6d73351232061f782357a5530101e046547f12593de7cb52e07",
    "https://esm.sh/dayjs@1.11.23/plugin/customParseFormat?target=denonext": "ea0ea8787fdcb3e2c9340ae0911a0d421b2754de52743e9742e45a665ec08ade",
    "https://esm.sh/dayjs@1.11.23/plugin/utc?target=denonext": "4ed9671747a9a2d63f055d307bdf9ea716e7c2ac3d8998a4db1a37046e8476c5",
    "https://esm.sh/dayjs@1.11.23?target=denonext": "4da7cf3f353c348bb20495b7077ee3aebee347ed3e4edd26c8dfac60042a761e",
    "https://esm.sh/duplexer2@0.1.4/denonext/duplexer2.mjs": "6ebf3cc39d148dea91d4718b46d1e13d46aeab9123ad7e12c69ebe6e36014682",
    "https://esm.sh/duplexer2@0.1.4?target=denonext": "527f0875d4ef2c564895aa3ff43c0adf2907714700d83f93ccf7cabc9ef2c8fc",
    "https://esm.sh/end-of-stream@1.4.5/denonext/end-of-stream.mjs": "c511aeaea5e808ace58c46cbddce6d84ceb0bcdd969a6f704cac13e012e1ae03",
    "https://esm.sh/end-of-stream@1.4.5?target=denonext": "4b147355dee74ffd5482a770a95b33b197e8cb7ab4036311378df40bc4ea94fe",
    "https://esm.sh/exceljs@4.4.0": "e82adf2fbb3d4fc5d72877b3c432cca749787586a840fec4b9e5a6bc64e1ef24",
    "https://esm.sh/exceljs@4.4.0/denonext/exceljs.mjs": "5a20d2c3d2ad042ffee109084912ae4c9599ddcae6b0d263349c4a98e0247a50",
    "https://esm.sh/fast-csv@4.3.6/denonext/fast-csv.mjs": "182f3c483d372f07f6e46240a7b655b550318d6eaa42d7afecc758822e89e1cd",
    "https://esm.sh/fast-csv@4.3.6?target=denonext": "fd64dea96244a9f0e2d1b7fea5ac4defdb99e1e51480504e2a11a51d27659ef6",
    "https://esm.sh/fs-constants@1.0.0/denonext/fs-constants.mjs": "22527955f13a5f2dfd1697e3713045166c8ff36c49ae2e0c7785af44b09be403",
    "https://esm.sh/fs-constants@1.0.0?target=denonext": "5197d0d6da7d15a55ef5ef8dd411f05a0da0f4e7f0713c74fd4f9bf6f71d7209",
    "https://esm.sh/fs.realpath@1.0.0/denonext/fs.realpath.mjs": "a6bd1057e6c2fb8aabc301f6b53ab5694fb0ef3fd6a7d44e57c4f330522e5b73",
    "https://esm.sh/fs.realpath@1.0.0?target=denonext": "5afef456c7c130423f14cd307043a2cc9c8f7d8f729996891855fbcef0ff75ed",
    "https://esm.sh/fstream@1.0.12/denonext/fstream.mjs": "53cf47649412caa577077152fd3e386c8a40822a4f2ab67a0386b9776090f06e",
    "https://esm.sh/fstream@1.0.12?target=denonext": "a243ce419f20a578856ca8fc9af6436edc519d0306f950d5a1b1e94df4754883",
    "https://esm.sh/glob@7.2.3/denonext/glob.mjs": "90053e59bc0a9556c3f34d363743395813405ee5afbd7b6296f3f9c2c2a81534",
    "https://esm.sh/glob@7.2.3?target=denonext": "f11f84f23268e87ad85bc1fd1ee82047748d0a9376e72bb06f3f60325fc64a83",
    "https://esm.sh/graceful-fs@4.2.11/denonext/graceful-fs.mjs": "7407500cf9d55370edd0fcd952e18bff7700ff6c182e0d8211ee2cf6720ef308",
    "https://esm.sh/graceful-fs@4.2.11?target=denonext": "a939dcb0889a7766830710a4e825793447ce21c89a16ca202aab16cbb77f2fac",
    "https://esm.sh/immediate@3.0.6/denonext/immediate.mjs": "7148ba33cb905f7aca49affbacfa6a8257cd6b89e8c3c7c728d2d0387b4cce29",
    "https://esm.sh/immediate@3.0.6?target=denonext": "fba8d9ddb37f19ff27c0b1c5b4486ab82805114b14959379d92ca05d6351c5d3",
    "https://esm.sh/inflight@1.0.6/denonext/inflight.mjs": "4b75807e6c5e8a3255e70ad31008766beb8d717e429f7f29847772e2f809955f",
    "https://esm.sh/inflight@1.0.6?target=denonext": "b7cd1442c787798e6306cc5345e8a9df6860e3747282df4a86fdb59ab2014d9b",
    "https://esm.sh/isarray@1.0.0/denonext/isarray.mjs": "0f26133cd58fc8580f99bbfd81f6290718328dc2a683c313c36f6b1e8c174edc",
    "https://esm.sh/isarray@1.0.0?target=denonext": "00e227f6d016cb5a5f832f6f2de91dd8ab092c7ac830c551bfcf0f63284d89e6",
    "https://esm.sh/jszip@3.10.1/denonext/jszip.mjs": "4da1ff531e0c52da8af033e20872992a17935e0f416e9625b6ed2600de695587",
    "https://esm.sh/jszip@3.10.1?target=denonext": "0428be12429bcc51e7067c0f35e99e09b65db0f40843497cf9c23f1bdfff27c3",
    "https://esm.sh/lazystream@1.0.1/denonext/lazystream.mjs": "bfe0907bea6f4c98a87c7a699a6a8f17da4ab797d1d79fdea63323275141af37",
    "https://esm.sh/lazystream@1.0.1?target=denonext": "b64a03ceb4ea3e999b6c6a498357e9a387b06ad6f7821567deaaf1c074197758",
    "https://esm.sh/lie@3.3.0/denonext/lie.mjs": "20db2fef139e87d467b7cf24a9e53053e96460fefedde5910f925b1d0ddc0cba",
    "https://esm.sh/lie@3.3.0?target=denonext": "74a2c724bd2fef30c46c612632dfd2ee37394f1a4540eb112e0df2ef98df0434",
    "https://esm.sh/listenercount@1.0.1/denonext/listenercount.mjs": "adef3eeb646aa249e72b7aa217b2cc4f3f56d1121ebb5593b144f4942575b6a2",
    "https://esm.sh/listenercount@1.0.1?target=denonext": "a1084493149aa38e2bd68df30ad1e0f4efc2342f475f6b0b9a517009ad2c1cfb",
    "https://esm.sh/lodash.defaults@4.2.0/denonext/lodash.defaults.mjs": "66c6ad8e5e98785a8172fce463a3e4ae81425b2b4ac3838d106b58a4505821a1",
    "https://esm.sh/lodash.defaults@4.2.0?target=denonext": "416ab191d4bb64055d8c786d23557a7c8d5f9ae53cb56e355bd6abcc8800705a",
    "https://esm.sh/lodash.difference@4.5.0/denonext/lodash.difference.mjs": "504633110561cbee0da0b98bd4ece6db5bc50f0e258862a23725f3f2f66ad8b3",
    "https://esm.sh/lodash.difference@4.5.0?target=denonext": "f2aa2b11f9dea652b76ebb6e07c1c875d162f58340ac7d29ec521e15221e1b6c",
    "https://esm.sh/lodash.escaperegexp@4.1.2/denonext/lodash.escaperegexp.mjs": "0ac1e1462148e6df4f02d90ab73ffbf750049fae9038e9de6332ccdc8db21cb8",
    "https://esm.sh/lodash.escaperegexp@4.1.2?target=denonext": "f62a9e97ec4859c70f5e0c2616848661d000bdcd8b8406101b3d80154d35eae0",
    "https://esm.sh/lodash.flatten@4.4.0/denonext/lodash.flatten.mjs": "cd0350451ab3d00cda5f5bacfb6f1b2c9ea8a4b2769c9e5c9189bbc49b660b69",
    "https://esm.sh/lodash.flatten@4.4.0?target=denonext": "541a211a9541640b4eed89b77ba4a087ec2f4e19f1f3b78438a63f9f0d62ccb6",
    "https://esm.sh/lodash.groupby@4.6.0/denonext/lodash.groupby.mjs": "c021a9b570d471448b95937829d2319f03c6bd03d7560c322ec6e15ad6caab72",
    "https://esm.sh/lodash.groupby@4.6.0?target=denonext": "6c41eef4777c4be9e59c6b8516a2ba35e5a12efbeabc7f495778aebec291571f",
    "https://esm.sh/lodash.isboolean@3.0.3/denonext/lodash.isboolean.mjs": "62346e63e84456d408ad9cdd38dc122ea4fecef67b7682c9ef311a9d9376ebb4",
    "https://esm.sh/lodash.isboolean@3.0.3?target=denonext": "df362bed13151ed14dc4fea8a56582f7d5165ab057225f20f7a19933bc030603",
    "https://esm.sh/lodash.isequal@4.5.0/denonext/lodash.isequal.mjs": "dbc04ea89edfe9685b25f41d679298032410055b5b4932e27521b91035443eb6",
    "https://esm.sh/lodash.isequal@4.5.0?target=denonext": "e1df38cdb348a3e6fd65dbfebe81c3f9c8db038d46178875364968335dd37e9c",
    "https://esm.sh/lodash.isfunction@3.0.9/denonext/lodash.isfunction.mjs": "c3a4394bd6c8b4758505fa91bdb7cd3d84f53fdf3979b19b99e4862174679c43",
    "https://esm.sh/lodash.isfunction@3.0.9?target=denonext": "5daa9849803c2ef2f71c1b3ba13533256ff23dade907c8e25198af008efe9dda",
    "https://esm.sh/lodash.isnil@4.0.0/denonext/lodash.isnil.mjs": "de541deb72195f2cc8ea7468c5b26e611e5de1cc931fd8cf796b3bddd5b110cf",
    "https://esm.sh/lodash.isnil@4.0.0?target=denonext": "1cb25e89cba2ca140943b9086e4d735170ef86532769cc440f53cbff51ed4b49",
    "https://esm.sh/lodash.isplainobject@4.0.6/denonext/lodash.isplainobject.mjs": "52baba5dc85a16aa38f54fcbbbf47ffe8b3c9d84e788a5199a20eab9135dd35a",
    "https://esm.sh/lodash.isplainobject@4.0.6?target=denonext": "aaf731d53ff27671d17a5e700371eb7d073496e7c099a537c05dd1df6606a54e",
    "https://esm.sh/lodash.isundefined@3.0.1/denonext/lodash.isundefined.mjs": "0225f15c7b9826a700aee2b4c1a556bc93e53b240447def117375f3a513475e5",
    "https://esm.sh/lodash.isundefined@3.0.1?target=denonext": "f743f1ff4738cc6687802957ddb4d5257002bef3337bb941a5b4b1097e2ad5fd",
    "https://esm.sh/lodash.union@4.6.0/denonext/lodash.union.mjs": "e2290ab98269f92013da6a3e794c8d8e06149a77ece5b197620793b015e5415b",
    "https://esm.sh/lodash.union@4.6.0?target=denonext": "fd86a0da102967cefe14db0ae2b65ba6a0334ac9aa799558e7f942705efc6071",
    "https://esm.sh/lodash.uniq@4.5.0/denonext/lodash.uniq.mjs": "2766a8c03c39192ba48141ceb9414737811a0d12684202ea5a3c0abe909e1725",
    "https://esm.sh/lodash.uniq@4.5.0?target=denonext": "601394038adc817199e811a95f7a641c9e98256873a529ea5bd0053b5dcaeddb",
    "https://esm.sh/minimatch@3.1.5/denonext/minimatch.mjs": "3cdd600ca4f8507c8d2a7c29df540be336190bc622a1fe603048a4b4e630166e",
    "https://esm.sh/minimatch@3.1.5?target=denonext": "b00531279f7f8d4b0f2b18043dcc96dc4086e2114c3095b96f75b3432da7307d",
    "https://esm.sh/minimatch@5.1.9/denonext/minimatch.mjs": "713258610408d66d58918c6c3b715217b4c443eaac8edf4118874321f2616913",
    "https://esm.sh/minimatch@5.1.9?target=denonext": "e441e71db467437b13855b1cb85faee3ec3b1d48dbb1780befbc0bfb88a574ff",
    "https://esm.sh/mkdirp@0.5.6/denonext/mkdirp.mjs": "cadf7e1d82e85adc16db2c5ef06f8cfe4bf5961547611667f7cbd7ea472ac66f",
    "https://esm.sh/mkdirp@0.5.6?target=denonext": "2d3d5c85062d167544db02d6c07101b540383cec7137f7967eb76167a095dc84",
    "https://esm.sh/normalize-path@3.0.0/denonext/normalize-path.mjs": "ecabfab5ffc4bce022eed2b9c50a777cc04b44b17c477eeef8790d7602f4eb93",
    "https://esm.sh/normalize-path@3.0.0?target=denonext": "4fd9f901c0c9062a18ca83ede4b9122f9b3b67ce3839a86344bb8a4d98158359",
    "https://esm.sh/once@1.4.0/denonext/once.mjs": "cb2ad3a1bf30d4a2400ad6f8477c36fcee3538a95729e6bf071a8446dd69fbea",
    "https://esm.sh/once@1.4.0?target=denonext": "76b137ba41d1f2fb149bfcad1d01565884edf385635622611ce3d9fc8b8b54ce",
    "https://esm.sh/pako@1.0.11/denonext/pako.mjs": "4895feb3e2441ef725da4052a5dc93d219d065fef1decc4452bb9b7ee1477c0d",
    "https://esm.sh/pako@1.0.11?target=denonext": "bc43f66ed245d58d468bf9867b3e9080c5b0590b4c14038ea308954490e0b2ea",
    "https://esm.sh/path-is-absolute@1.0.1/denonext/path-is-absolute.mjs": "766423bb65ca750b4e728e59bfa01b674e5a6fe0c6409220710f2edb74acaa89",
    "https://esm.sh/path-is-absolute@1.0.1?target=denonext": "7dc4538eb9f034c0c977400f7c3c367a088e5245817fc8a5d27597f405eda85b",
    "https://esm.sh/process-nextick-args@2.0.1/denonext/process-nextick-args.mjs": "adffdd507c6571957aaab9d3f0a2aa54febdda1b4d546a57967fd2299505339e",
    "https://esm.sh/process-nextick-args@2.0.1?target=denonext": "b80260031d83086964facc0efc6e2cc8fd878d9ce14dfcf6999e508a4d8d13d0",
    "https://esm.sh/readable-stream@2.3.8/denonext/passthrough.mjs": "be9246c480e7d1e19c5e5f72c25b6d6b8106657311a3c496eb4f46688c264fa7",
    "https://esm.sh/readable-stream@2.3.8/denonext/readable-stream.mjs": "ce8c7e2e7783c4487c1e9fcaf8824f0af26d48e6f5fe02fa9cbd70c34799ef98",
    "https://esm.sh/readable-stream@2.3.8/passthrough?target=denonext": "48a329140ec0f62719881db1d6fea1b00b3bc5b7b459b6748281a112a49a2fe4",
    "https://esm.sh/readable-stream@2.3.8?target=denonext": "a8d158c470101e7518fdf293728d4cb8b2ab2cac73140940c8a9ee5542194e13",
    "https://esm.sh/readable-stream@3.6.2/denonext/readable-stream.mjs": "7ce2442ebd3c6ae1d006a6e8842884d88b623a979d840a30bc36b44a02b68fcf",
    "https://esm.sh/readable-stream@3.6.2?target=denonext": "7a58c78a0d124794eae8c904e39aa1081791942ea506b9b932c69a74faa30a97",
    "https://esm.sh/readdir-glob@1.1.3/denonext/readdir-glob.mjs": "245ba8849392915057b7f6c8dc6124a95a6e4947b1472a087cd07cf5bfb19396",
    "https://esm.sh/readdir-glob@1.1.3?target=denonext": "7f85752c7d2945026b4b5c0ca91408f066578a4112a48409d50a8e01d083c817",
    "https://esm.sh/rimraf@2.7.1/denonext/rimraf.mjs": "3332efea5f514f95e877abae14b1a3014ee5bc77a1b5676c3973f592ef59e2e2",
    "https://esm.sh/rimraf@2.7.1?target=denonext": "9fab55e332498885e13d54cdc65b0aa15bad3233de731418e4b9c46a3f538a32",
    "https://esm.sh/safe-buffer@5.1.2/denonext/safe-buffer.mjs": "848e2c2dafb98ea738399526e4396607872d1118acf8eb56eecd2a5f3be75568",
    "https://esm.sh/safe-buffer@5.1.2?target=denonext": "3126988c629e3dc2d6126b26f654aceae10ad989622a21cb2a73ee72603f7df8",
    "https://esm.sh/safe-buffer@5.2.1/denonext/safe-buffer.mjs": "51b088d69d0bbf6d7ce4179853887e105715df40e432a3bff0e9575cc2285276",
    "https://esm.sh/safe-buffer@5.2.1?target=denonext": "34028b9647c849fa96dfd3d9f217a3adca8b43b13409820ac3f43fb15eba3e20",
    "https://esm.sh/saxes@5.0.1/denonext/saxes.mjs": "c358a731de5f48892ccc8496733cabaf47bb047c87735bef0d3c3a53731e8cb3",
    "https://esm.sh/saxes@5.0.1?target=denonext": "05f7417c05d2ce6d0eb549c50c39af9243df5130485384d747a0d2b6c4a55e46",
    "https://esm.sh/setimmediate@1.0.5/denonext/setimmediate.mjs": "30f30e809d4a3826d3c0821bd60d5ae6997a2950ab6f56eac0661e4a0fc9530f",
    "https://esm.sh/setimmediate@1.0.5?target=denonext": "e4cdae47cf945bcf372b8dcb0cdc8a494d616eac423ae43375097a1a01b57704",
    "https://esm.sh/string_decoder@1.1.1/denonext/string_decoder.mjs": "494e5a7fae95d5326e8aee93b4adfde75e389eea7a54bc1feea8549e786da032",
    "https://esm.sh/string_decoder@1.1.1?target=denonext": "092c97b62b99368a40fa044c402188472658bc71529415f73c16f66c05aaf6bf",
    "https://esm.sh/string_decoder@1.3.0/denonext/string_decoder.mjs": "85101acf5061e49887913bdea19e62937550fb644532540e55019acd88d2189a",
    "https://esm.sh/string_decoder@1.3.0?target=denonext": "0442e3edb67b63113ed964b3754d5a3170898a23a86e2d05c23432c346a0391e",
    "https://esm.sh/tar-stream@2.2.0/denonext/tar-stream.mjs": "ed4df00ccb9a81b6388edad7c1021aff9024f534852fd8ccf67f4e702764dc3a",
    "https://esm.sh/tar-stream@2.2.0?target=denonext": "de2c7ab0d036db197ba05fda4c43a6d009655d7d226b588cf8516483c793adc1",
    "https://esm.sh/tmp@0.2.7/denonext/tmp.mjs": "d20df08f13c0696bcb3c05a2a292754eb58c279a1d2d83cd78522f981779d222",
    "https://esm.sh/tmp@0.2.7?target=denonext": "9a49efd8d8f01f4729b1ab967c5019373af2015b5912ec3355d5cda7f5d95531",
    "https://esm.sh/traverse@0.3.9/denonext/traverse.mjs": "ad656cef2037fe2449f820075fd844c105c94452cbfd4a50289d815f4ea08407",
    "https://esm.sh/traverse@0.3.9?target=denonext": "0f20e1d206c5d356727c94ab760225ae5cf41e2e74e6ec395fb1656dc87e0d61",
    "https://esm.sh/unzipper@0.10.14/denonext/unzipper.mjs": "9dc29a79101fbb1e460abc355cc5c5f1660eff9e44383ab7a5a958528399eda9",
    "https://esm.sh/unzipper@0.10.14?target=denonext": "19a7cb301af98f19548b85fef39679ad3eab49c42d13e50f39f729eb71125d00",
    "https://esm.sh/util-deprecate@1.0.2/denonext/util-deprecate.mjs": "083639894972cb68837eef26346c43bdd01357977149e0a4493f76192a4008b8",
    "https://esm.sh/util-deprecate@1.0.2?target=denonext": "859f4df8ba771a4c33143185d3db6a7edb824fab1ed4f9a4b96ac0e6bc3ef1a4",
    "https://esm.sh/uuid@8.3.2/denonext/uuid.mjs": "2a1f6d8cc7d16ed60b7e6aabcf79e0077244ffbd66b47c994041b15b13062cd3",
    "https://esm.sh/uuid@8.3.2?target=denonext": "b3f95c83a700f64bb21c0b138f56a4c28c338078a9ac8d7258b17c699caed85d",
    "https://esm.sh/wrappy@1.0.2/denonext/wrappy.mjs": "9b30fecc8c0ab8657d63ee25d8d67f22fed7ce32136e667f7da1e88cbc8b8ef4",
    "https://esm.sh/wrappy@1.0.2?target=denonext": "8320150f54fb04978cacf7cfc557e43eca3b628375e09d45e78268d8035def7f",
    "https://esm.sh/xmlchars@2.2.0/denonext/xml/1.0/ed5.mjs": "7e95e56afc46284fd6e3e43ec430f636d3db5a0840829b188627c160f36b1c7e",
    "https://esm.sh/xmlchars@2.2.0/denonext/xml/1.1/ed2.mjs": "bde6c65b73865ce561376fc19316dc52bdf8b0b998fb3c3bdab481d2a4d9de0a",
    "https://esm.sh/xmlchars@2.2.0/denonext/xmlns/1.0/ed3.mjs": "ab12a41555aa2468e6f8f42649ae209163e9ab835ca05817cb4f95bac8699ce9",
    "https://esm.sh/xmlchars@2.2.0/xml/1.0/ed5?target=denonext": "b1ca831e2cf0954307ebded209a1657cb27223f2a1fd0b347ffcb4e566e997ad",
    "https://esm.sh/xmlchars@2.2.0/xml/1.1/ed2?target=denonext": "005781985db506e433617587305e4176c3f3333ac4bb8b0db2a953f0e14bf71c",
    "https://esm.sh/xmlchars@2.2.0/xmlns/1.0/ed3?target=denonext": "be6502edd92b286ab2a25e3f5db439700ff79daa964aa3d6e4a0c109af35dd36",
    "https://esm.sh/zip-stream@4.1.1/denonext/zip-stream.mjs": "af2f82384d8f4653740a68fff1e92ee8e97ef53f7fd67ee50554e8c14c4c5e31",
    "https://esm.sh/zip-stream@4.1.1?target=denonext": "93f72f02db34460bec2e86fadb64bd2a8b19113c31c14b2252a68818ad251707"
  },
  "workspace": {
    "packageJson": {
      "dependencies": [
        "npm:@supabase/supabase-js@2.112.2",
        "npm:@types/file-saver@^2.0.7",
        "npm:@types/jszip@^3.4.0",
        "npm:@types/node@^24.13.3",
        "npm:@types/react-dom@^19.2.3",
        "npm:@types/react@^19.2.17",
        "npm:@vitejs/plugin-react@^6.0.4",
        "npm:@xyflow/react@^12.11.3",
        "npm:autoprefixer@^10.5.4",
        "npm:clsx@^2.1.1",
        "npm:exceljs@^4.4.0",
        "npm:file-saver@^2.0.5",
        "npm:firebase@^12.17.1",
        "npm:jszip@^3.10.1",
        "npm:lucide-react@^1.31.0",
        "npm:oxlint@^1.75.0",
        "npm:postcss@^8.5.26",
        "npm:react-dom@^19.2.8",
        "npm:react-router-dom@^7.18.2",
        "npm:react@^19.2.8",
        "npm:tailwind-merge@^3.6.0",
        "npm:tailwindcss@3.4",
        "npm:typescript@~6.0.2",
        "npm:vite@^8.2.0"
      ]
    }
  }
}
